// !$*UTF8*$!
{
	archiveVersion = 1;
	classes = {
	};
	objectVersion = 46;
	objects = {

/* Begin PBXAggregateTarget section */
		0AABAA6B60FA4C739F0DB9F0 /* ALL_BUILD */ = {
			isa = PBXAggregateTarget;
			buildConfigurationList = D309941B1AF94DC1B6385831 /* Build configuration list for PBXAggregateTarget "ALL_BUILD" */;
			buildPhases = (
				EC7433418A84444FA2B1A3A4 /* CMake Rules */,
			);
			dependencies = (
				62563276664C4EA09640DFF2 /* PBXTargetDependency */,
				F810954C953846169BCF2E8D /* PBXTargetDependency */,
				CD8E6E3E1C5B417DBD0316AF /* PBXTargetDependency */,
			);
			name = ALL_BUILD;
			productName = ALL_BUILD;
		};
		C262779C67DD47C7BDB4DB9B /* ZERO_CHECK */ = {
			isa = PBXAggregateTarget;
			buildConfigurationList = FF385D91ECCA439CA2527D8F /* Build configuration list for PBXAggregateTarget "ZERO_CHECK" */;
			buildPhases = (
				E75507BB4E034156A925142A /* CMake Rules */,
			);
			dependencies = (
			);
			name = ZERO_CHECK;
			productName = ZERO_CHECK;
		};
/* End PBXAggregateTarget section */

/* Begin PBXBuildFile section */
		802E5801F0CC4DF5BC2C7EFE /* Env.cpp in Sources */ = {isa = PBXBuildFile; fileRef = 2CDD3B1D53964F52B187B896 /* Env.cpp */; settings = {COMPILER_FLAGS = ""; }; };
		B447A0431BEA48CE007071F8 /* libuv.a in Frameworks */ = {isa = PBXBuildFile; fileRef = B47594A51BE5B58A0004B979 /* libuv.a */; };
		B447A0451BEB6D34007071F8 /* liblibiojava.a in Frameworks */ = {isa = PBXBuildFile; fileRef = 0B7F7C9BCC7D46A4BC3C1534 /* liblibiojava.a */; };
		B447A0461BEB6D40007071F8 /* JavaVM.framework in Frameworks */ = {isa = PBXBuildFile; fileRef = B46550BC1BD7A15D00BDFB43 /* JavaVM.framework */; };
		B46550BD1BD7A15D00BDFB43 /* JavaVM.framework in Frameworks */ = {isa = PBXBuildFile; fileRef = B46550BC1BD7A15D00BDFB43 /* JavaVM.framework */; };
		B49627AD1CE9518D00DE0EC3 /* io_java_io_Net.cpp in Sources */ = {isa = PBXBuildFile; fileRef = B49627AC1CE9518D00DE0EC3 /* io_java_io_Net.cpp */; };
		B4D9EDF51BE0885D00DF2FA4 /* io_java_io_File.cpp in Sources */ = {isa = PBXBuildFile; fileRef = B4D9EDF41BE0885D00DF2FA4 /* io_java_io_File.cpp */; };
		D21D694758984DD88F3B4A8B /* Main.cpp in Sources */ = {isa = PBXBuildFile; fileRef = 471263F373C249BC93CA2829 /* Main.cpp */; settings = {COMPILER_FLAGS = ""; }; };
		F4A6A862DF2248BE9429B1EE /* io_java_lang_Timer.cpp in Sources */ = {isa = PBXBuildFile; fileRef = 1AA358D0675B454788F2BC63 /* io_java_lang_Timer.cpp */; settings = {COMPILER_FLAGS = ""; }; };
/* End PBXBuildFile section */

/* Begin PBXContainerItemProxy section */
		70C5318A1B5C420693DB0E4B /* PBXContainerItemProxy */ = {
			isa = PBXContainerItemProxy;
			containerPortal = 23247D2DE6FC4FFE9BB508F5 /* Project object */;
			proxyType = 1;
			remoteGlobalIDString = C262779C67DD47C7BDB4DB9B;
			remoteInfo = ZERO_CHECK;
		};
		8580845F776247C69D716342 /* PBXContainerItemProxy */ = {
			isa = PBXContainerItemProxy;
			containerPortal = 23247D2DE6FC4FFE9BB508F5 /* Project object */;
			proxyType = 1;
			remoteGlobalIDString = C262779C67DD47C7BDB4DB9B;
			remoteInfo = ZERO_CHECK;
		};
		A4A0096045B9473B8F3E9A9C /* PBXContainerItemProxy */ = {
			isa = PBXContainerItemProxy;
			containerPortal = 23247D2DE6FC4FFE9BB508F5 /* Project object */;
			proxyType = 1;
			remoteGlobalIDString = 14761039CEB7475C826E1BFA;
			remoteInfo = libiojava;
		};
		B091B2DAF45449669981F4B1 /* PBXContainerItemProxy */ = {
			isa = PBXContainerItemProxy;
			containerPortal = 23247D2DE6FC4FFE9BB508F5 /* Project object */;
			proxyType = 1;
			remoteGlobalIDString = C262779C67DD47C7BDB4DB9B;
			remoteInfo = ZERO_CHECK;
		};
		E55D14AAB5624D7D94F096F4 /* PBXContainerItemProxy */ = {
			isa = PBXContainerItemProxy;
			containerPortal = 23247D2DE6FC4FFE9BB508F5 /* Project object */;
			proxyType = 1;
			remoteGlobalIDString = C8F4F9C2C15743D4B362085E;
			remoteInfo = io.java;
		};
/* End PBXContainerItemProxy section */

/* Begin PBXFileReference section */
		07653829B38F41BEA9B39EC0 /* io.java */ = {isa = PBXFileReference; explicitFileType = "compiled.mach-o.executable"; path = io.java; sourceTree = BUILT_PRODUCTS_DIR; };
		0B7F7C9BCC7D46A4BC3C1534 /* liblibiojava.a */ = {isa = PBXFileReference; explicitFileType = "compiled.mach-o.dylib"; path = liblibiojava.a; sourceTree = BUILT_PRODUCTS_DIR; };
		1AA358D0675B454788F2BC63 /* io_java_lang_Timer.cpp */ = {isa = PBXFileReference; explicitFileType = sourcecode.cpp.cpp; fileEncoding = 4; path = io_java_lang_Timer.cpp; sourceTree = SOURCE_ROOT; };
		2CDD3B1D53964F52B187B896 /* Env.cpp */ = {isa = PBXFileReference; explicitFileType = sourcecode.cpp.cpp; fileEncoding = 4; path = Env.cpp; sourceTree = SOURCE_ROOT; };
		2F8EB3FE5CB84B6AB834835D /* CMakeLists.txt */ = {isa = PBXFileReference; explicitFileType = sourcecode.text; fileEncoding = 4; lastKnownFileType = text; path = CMakeLists.txt; sourceTree = SOURCE_ROOT; };
		471263F373C249BC93CA2829 /* Main.cpp */ = {isa = PBXFileReference; explicitFileType = sourcecode.cpp.cpp; fileEncoding = 4; path = Main.cpp; sourceTree = SOURCE_ROOT; };
		A7C4C42F4257413E957DB021 /* CMakeLists.txt */ = {isa = PBXFileReference; explicitFileType = sourcecode.text; fileEncoding = 4; lastKnownFileType = text; path = CMakeLists.txt; sourceTree = SOURCE_ROOT; };
		AA56FAAA98D34FFF844DC8A4 /* CMakeLists.txt */ = {isa = PBXFileReference; explicitFileType = sourcecode.text; fileEncoding = 4; lastKnownFileType = text; path = CMakeLists.txt; sourceTree = SOURCE_ROOT; };
		B445A4DC1BF185500076CA0D /* io_java_lang_Timer.h */ = {isa = PBXFileReference; fileEncoding = 4; lastKnownFileType = sourcecode.c.h; path = io_java_lang_Timer.h; sourceTree = "<group>"; };
		B46550BC1BD7A15D00BDFB43 /* JavaVM.framework */ = {isa = PBXFileReference; lastKnownFileType = wrapper.framework; name = JavaVM.framework; path = System/Library/Frameworks/JavaVM.framework; sourceTree = SDKROOT; };
		B46550BE1BD7A18900BDFB43 /* libevent.a */ = {isa = PBXFileReference; lastKnownFileType = archive.ar; name = libevent.a; path = ../../../../../usr/local/lib/libevent.a; sourceTree = "<group>"; };
		B47594A51BE5B58A0004B979 /* libuv.a */ = {isa = PBXFileReference; lastKnownFileType = archive.ar; name = libuv.a; path = ../libuv/build/Release/libuv.a; sourceTree = "<group>"; };
		B49627AB1CE9515D00DE0EC3 /* io_java_io_Net.h */ = {isa = PBXFileReference; fileEncoding = 4; lastKnownFileType = sourcecode.c.h; path = io_java_io_Net.h; sourceTree = "<group>"; };
		B49627AC1CE9518D00DE0EC3 /* io_java_io_Net.cpp */ = {isa = PBXFileReference; fileEncoding = 4; lastKnownFileType = sourcecode.cpp.cpp; path = io_java_io_Net.cpp; sourceTree = "<group>"; };
		B4D9EDF41BE0885D00DF2FA4 /* io_java_io_File.cpp */ = {isa = PBXFileReference; fileEncoding = 4; lastKnownFileType = sourcecode.cpp.cpp; path = io_java_io_File.cpp; sourceTree = "<group>"; };
		B4D9EDF61BE0E0D200DF2FA4 /* io_java_io_File.h */ = {isa = PBXFileReference; fileEncoding = 4; lastKnownFileType = sourcecode.c.h; path = io_java_io_File.h; sourceTree = "<group>"; };
		B4D9EDF71BE0E32800DF2FA4 /* type.h */ = {isa = PBXFileReference; fileEncoding = 4; lastKnownFileType = sourcecode.c.h; path = type.h; sourceTree = "<group>"; };
		D03E31E404644938B5144B98 /* CMakeLists.txt */ = {isa = PBXFileReference; explicitFileType = sourcecode.text; fileEncoding = 4; lastKnownFileType = text; path = CMakeLists.txt; sourceTree = SOURCE_ROOT; };
		EF81A423461B450486AEC8D3 /* Env.h */ = {isa = PBXFileReference; explicitFileType = sourcecode.c.h; fileEncoding = 4; path = Env.h; sourceTree = SOURCE_ROOT; };
/* End PBXFileReference section */

/* Begin PBXFrameworksBuildPhase section */
		B447A0441BEB6D2D007071F8 /* Frameworks */ = {
			isa = PBXFrameworksBuildPhase;
			buildActionMask = 2147483647;
			files = (
				B447A0461BEB6D40007071F8 /* JavaVM.framework in Frameworks */,
				B447A0451BEB6D34007071F8 /* liblibiojava.a in Frameworks */,
			);
			runOnlyForDeploymentPostprocessing = 0;
		};
		B46550BB1BD7A15000BDFB43 /* Frameworks */ = {
			isa = PBXFrameworksBuildPhase;
			buildActionMask = 2147483647;
			files = (
				B447A0431BEA48CE007071F8 /* libuv.a in Frameworks */,
				B46550BD1BD7A15D00BDFB43 /* JavaVM.framework in Frameworks */,
			);
			runOnlyForDeploymentPostprocessing = 0;
		};
/* End PBXFrameworksBuildPhase section */

/* Begin PBXGroup section */
		0ACF0023261C4EA19F62F0B6 /* Sources */ = {
			isa = PBXGroup;
			children = (
				15DE9D5E789143B5A276C5E5 /* ALL_BUILD */,
				E97F647329E54221A23F61FE /* libiojava */,
				5FC95626EE4E4FAB9B2D7A7D /* io.java */,
				A9AF78C5BB774FB4875D447A /* ZERO_CHECK */,
			);
			name = Sources;
			sourceTree = "<group>";
		};
		15DE9D5E789143B5A276C5E5 /* ALL_BUILD */ = {
			isa = PBXGroup;
			children = (
				81D1B8844EF04929BB138819 /* CMake Rules */,
				D03E31E404644938B5144B98 /* CMakeLists.txt */,
			);
			name = ALL_BUILD;
			sourceTree = "<group>";
		};
		5FC95626EE4E4FAB9B2D7A7D /* io.java */ = {
			isa = PBXGroup;
			children = (
				A66883F0FBB04F01AF5154F6 /* Source Files */,
				2F8EB3FE5CB84B6AB834835D /* CMakeLists.txt */,
			);
			name = io.java;
			sourceTree = "<group>";
		};
		64E1B717AC504E1A9D88500B /* Resources */ = {
			isa = PBXGroup;
			children = (
			);
			name = Resources;
			sourceTree = "<group>";
		};
		81D1B8844EF04929BB138819 /* CMake Rules */ = {
			isa = PBXGroup;
			children = (
			);
			name = "CMake Rules";
			sourceTree = "<group>";
		};
		9F59C6CC44934D29B2B80002 /* Header Files */ = {
			isa = PBXGroup;
			children = (
				B49627AB1CE9515D00DE0EC3 /* io_java_io_Net.h */,
				B445A4DC1BF185500076CA0D /* io_java_lang_Timer.h */,
				B4D9EDF61BE0E0D200DF2FA4 /* io_java_io_File.h */,
				EF81A423461B450486AEC8D3 /* Env.h */,
				B4D9EDF71BE0E32800DF2FA4 /* type.h */,
			);
			name = "Header Files";
			sourceTree = "<group>";
		};
		A1F42B7871E5498BAB354022 /* CMake Rules */ = {
			isa = PBXGroup;
			children = (
			);
			name = "CMake Rules";
			sourceTree = "<group>";
		};
		A66883F0FBB04F01AF5154F6 /* Source Files */ = {
			isa = PBXGroup;
			children = (
				471263F373C249BC93CA2829 /* Main.cpp */,
			);
			name = "Source Files";
			sourceTree = "<group>";
		};
		A7C2F851936640B48EC6D6C9 /* Source Files */ = {
			isa = PBXGroup;
			children = (
				2CDD3B1D53964F52B187B896 /* Env.cpp */,
				1AA358D0675B454788F2BC63 /* io_java_lang_Timer.cpp */,
				B4D9EDF41BE0885D00DF2FA4 /* io_java_io_File.cpp */,
				B49627AC1CE9518D00DE0EC3 /* io_java_io_Net.cpp */,
			);
			name = "Source Files";
			sourceTree = "<group>";
		};
		A9AF78C5BB774FB4875D447A /* ZERO_CHECK */ = {
			isa = PBXGroup;
			children = (
				A1F42B7871E5498BAB354022 /* CMake Rules */,
				A7C4C42F4257413E957DB021 /* CMakeLists.txt */,
			);
			name = ZERO_CHECK;
			sourceTree = "<group>";
		};
		D1E016B999FD4A2F9C9C5852 = {
			isa = PBXGroup;
			children = (
				B47594A51BE5B58A0004B979 /* libuv.a */,
				B46550BE1BD7A18900BDFB43 /* libevent.a */,
				B46550BC1BD7A15D00BDFB43 /* JavaVM.framework */,
				0ACF0023261C4EA19F62F0B6 /* Sources */,
				64E1B717AC504E1A9D88500B /* Resources */,
				DD81DD9D99D140E5A8A2AB76 /* Products */,
			);
			sourceTree = "<group>";
		};
		DD81DD9D99D140E5A8A2AB76 /* Products */ = {
			isa = PBXGroup;
			children = (
				07653829B38F41BEA9B39EC0 /* io.java */,
				0B7F7C9BCC7D46A4BC3C1534 /* liblibiojava.a */,
			);
			name = Products;
			sourceTree = "<group>";
		};
		E97F647329E54221A23F61FE /* libiojava */ = {
			isa = PBXGroup;
			children = (
				9F59C6CC44934D29B2B80002 /* Header Files */,
				A7C2F851936640B48EC6D6C9 /* Source Files */,
				AA56FAAA98D34FFF844DC8A4 /* CMakeLists.txt */,
			);
			name = libiojava;
			sourceTree = "<group>";
		};
/* End PBXGroup section */

/* Begin PBXNativeTarget section */
		14761039CEB7475C826E1BFA /* libiojava */ = {
			isa = PBXNativeTarget;
			buildConfigurationList = 1E66CA48F63A48C6BBCF78FE /* Build configuration list for PBXNativeTarget "libiojava" */;
			buildPhases = (
				A2FE69B7A9454EFFBBCDD260 /* Sources */,
				B46550BB1BD7A15000BDFB43 /* Frameworks */,
			);
			buildRules = (
			);
			dependencies = (
				CBE5B62E3D9D4AE988340B9B /* PBXTargetDependency */,
			);
			name = libiojava;
			productName = libiojava;
			productReference = 0B7F7C9BCC7D46A4BC3C1534 /* liblibiojava.a */;
			productType = "com.apple.product-type.library.dynamic";
		};
		C8F4F9C2C15743D4B362085E /* io.java */ = {
			isa = PBXNativeTarget;
			buildConfigurationList = 53FF83B7952047E38E26A0C4 /* Build configuration list for PBXNativeTarget "io.java" */;
			buildPhases = (
				D2B27177DE4D485F9E4209F7 /* Sources */,
				B447A0441BEB6D2D007071F8 /* Frameworks */,
			);
			buildRules = (
			);
			dependencies = (
				15D013D504ED4F109CC1540C /* PBXTargetDependency */,
			);
			name = io.java;
			productName = io.java;
			productReference = 07653829B38F41BEA9B39EC0 /* io.java */;
			productType = "com.apple.product-type.tool";
		};
/* End PBXNativeTarget section */

/* Begin PBXProject section */
		23247D2DE6FC4FFE9BB508F5 /* Project object */ = {
			isa = PBXProject;
			attributes = {
				BuildIndependentTargetsInParallel = YES;
			};
			buildConfigurationList = 870F63F12CBC4BB1ADC7612E /* Build configuration list for PBXProject "io.java" */;
			compatibilityVersion = "Xcode 3.2";
			developmentRegion = English;
			hasScannedForEncodings = 0;
			knownRegions = (
				en,
			);
			mainGroup = D1E016B999FD4A2F9C9C5852;
			projectDirPath = "";
			projectRoot = "";
			targets = (
				0AABAA6B60FA4C739F0DB9F0 /* ALL_BUILD */,
				C262779C67DD47C7BDB4DB9B /* ZERO_CHECK */,
				C8F4F9C2C15743D4B362085E /* io.java */,
				14761039CEB7475C826E1BFA /* libiojava */,
			);
		};
/* End PBXProject section */

/* Begin PBXShellScriptBuildPhase section */
		E75507BB4E034156A925142A /* CMake Rules */ = {
			isa = PBXShellScriptBuildPhase;
			buildActionMask = 2147483647;
			files = (
			);
			name = "CMake Rules";
			runOnlyForDeploymentPostprocessing = 0;
			shellPath = /bin/sh;
			shellScript = "make -C /Users/kenvi/code/study/io.java -f /Users/kenvi/code/study/io.java/CMakeScripts/ZERO_CHECK_cmakeRulesBuildPhase.make$CONFIGURATION all";
			showEnvVarsInLog = 0;
		};
		EC7433418A84444FA2B1A3A4 /* CMake Rules */ = {
			isa = PBXShellScriptBuildPhase;
			buildActionMask = 2147483647;
			files = (
			);
			name = "CMake Rules";
			runOnlyForDeploymentPostprocessing = 0;
			shellPath = /bin/sh;
			shellScript = "make -C /Users/kenvi/code/study/io.java -f /Users/kenvi/code/study/io.java/CMakeScripts/ALL_BUILD_cmakeRulesBuildPhase.make$CONFIGURATION all";
			showEnvVarsInLog = 0;
		};
/* End PBXShellScriptBuildPhase section */

/* Begin PBXSourcesBuildPhase section */
		A2FE69B7A9454EFFBBCDD260 /* Sources */ = {
			isa = PBXSourcesBuildPhase;
			buildActionMask = 2147483647;
			files = (
				B4D9EDF51BE0885D00DF2FA4 /* io_java_io_File.cpp in Sources */,
				B49627AD1CE9518D00DE0EC3 /* io_java_io_Net.cpp in Sources */,
				802E5801F0CC4DF5BC2C7EFE /* Env.cpp in Sources */,
				F4A6A862DF2248BE9429B1EE /* io_java_lang_Timer.cpp in Sources */,
			);
			runOnlyForDeploymentPostprocessing = 0;
		};
		D2B27177DE4D485F9E4209F7 /* Sources */ = {
			isa = PBXSourcesBuildPhase;
			buildActionMask = 2147483647;
			files = (
				D21D694758984DD88F3B4A8B /* Main.cpp in Sources */,
			);
			runOnlyForDeploymentPostprocessing = 0;
		};
/* End PBXSourcesBuildPhase section */

/* Begin PBXTargetDependency section */
		15D013D504ED4F109CC1540C /* PBXTargetDependency */ = {
			isa = PBXTargetDependency;
			target = C262779C67DD47C7BDB4DB9B /* ZERO_CHECK */;
			targetProxy = 70C5318A1B5C420693DB0E4B /* PBXContainerItemProxy */;
		};
		62563276664C4EA09640DFF2 /* PBXTargetDependency */ = {
			isa = PBXTargetDependency;
			target = 14761039CEB7475C826E1BFA /* libiojava */;
			targetProxy = A4A0096045B9473B8F3E9A9C /* PBXContainerItemProxy */;
		};
		CBE5B62E3D9D4AE988340B9B /* PBXTargetDependency */ = {
			isa = PBXTargetDependency;
			target = C262779C67DD47C7BDB4DB9B /* ZERO_CHECK */;
			targetProxy = B091B2DAF45449669981F4B1 /* PBXContainerItemProxy */;
		};
		CD8E6E3E1C5B417DBD0316AF /* PBXTargetDependency */ = {
			isa = PBXTargetDependency;
			target = C262779C67DD47C7BDB4DB9B /* ZERO_CHECK */;
			targetProxy = 8580845F776247C69D716342 /* PBXContainerItemProxy */;
		};
		F810954C953846169BCF2E8D /* PBXTargetDependency */ = {
			isa = PBXTargetDependency;
			target = C8F4F9C2C15743D4B362085E /* io.java */;
			targetProxy = E55D14AAB5624D7D94F096F4 /* PBXContainerItemProxy */;
		};
/* End PBXTargetDependency section */

/* Begin XCBuildConfiguration section */
		0C779F4EE5084ABD9C5689B8 /* Debug */ = {
			isa = XCBuildConfiguration;
			buildSettings = {
				COMBINE_HIDPI_IMAGES = YES;
				EXECUTABLE_PREFIX = lib;
				EXECUTABLE_SUFFIX = .a;
				GCC_GENERATE_DEBUGGING_SYMBOLS = YES;
				GCC_INLINES_ARE_PRIVATE_EXTERN = NO;
				GCC_OPTIMIZATION_LEVEL = 0;
				GCC_PREPROCESSOR_DEFINITIONS = "'CMAKE_INTDIR=\"$(CONFIGURATION)$(EFFECTIVE_PLATFORM_NAME)\"'";
				GCC_SYMBOLS_PRIVATE_EXTERN = NO;
				HEADER_SEARCH_PATHS = (
					/usr/local/include,
					/Users/kenvi/code/study/libuv/include,
					/Users/kenvi/code/study/io.java,
					/System/Library/Frameworks/JavaVM.framework/Versions/Current/Headers,
				);
				INSTALL_PATH = "";
				LIBRARY_SEARCH_PATHS = (
					/usr/local/lib,
					/Users/kenvi/code/study/libuv/build/Release,
				);
				LIBRARY_STYLE = STATIC;
				OTHER_CFLAGS = "    ";
				OTHER_CPLUSPLUSFLAGS = "    ";
				OTHER_LIBTOOLFLAGS = " ";
				OTHER_REZFLAGS = "";
				PRODUCT_NAME = libiojava;
				SECTORDER_FLAGS = "";
				SYMROOT = /Users/kenvi/code/study/io.java;
				USE_HEADERMAP = NO;
				WARNING_CFLAGS = (
					"-Wmost",
					"-Wno-four-char-constants",
					"-Wno-unknown-pragmas",
					"$(inherited)",
				);
			};
			name = Debug;
		};
		0D6DBB391828455790B23A06 /* RelWithDebInfo */ = {
			isa = XCBuildConfiguration;
			buildSettings = {
				COMBINE_HIDPI_IMAGES = YES;
				EXECUTABLE_PREFIX = lib;
				EXECUTABLE_SUFFIX = .a;
				GCC_GENERATE_DEBUGGING_SYMBOLS = YES;
				GCC_INLINES_ARE_PRIVATE_EXTERN = NO;
				GCC_OPTIMIZATION_LEVEL = 2;
				GCC_PREPROCESSOR_DEFINITIONS = "'CMAKE_INTDIR=\"$(CONFIGURATION)$(EFFECTIVE_PLATFORM_NAME)\"'";
				GCC_SYMBOLS_PRIVATE_EXTERN = NO;
				HEADER_SEARCH_PATHS = (
					/usr/local/include,
					/Users/kenvi/code/study/libuv/include,
					/Users/kenvi/code/study/io.java,
					/System/Library/Frameworks/JavaVM.framework/Versions/Current/Headers,
				);
				INSTALL_PATH = "";
				LIBRARY_SEARCH_PATHS = (
					/usr/local/lib,
					/Users/kenvi/code/study/libuv/build/Release,
				);
				LIBRARY_STYLE = STATIC;
				OTHER_CFLAGS = "       -DNDEBUG  ";
				OTHER_CPLUSPLUSFLAGS = "       -DNDEBUG  ";
				OTHER_LIBTOOLFLAGS = " ";
				OTHER_REZFLAGS = "";
				PRODUCT_NAME = libiojava;
				SECTORDER_FLAGS = "";
				SYMROOT = /Users/kenvi/code/study/io.java;
				USE_HEADERMAP = NO;
				WARNING_CFLAGS = (
					"-Wmost",
					"-Wno-four-char-constants",
					"-Wno-unknown-pragmas",
					"$(inherited)",
				);
			};
			name = RelWithDebInfo;
		};
		0E60CF10AAB94DDA8B2BA9F3 /* Release */ = {
			isa = XCBuildConfiguration;
			buildSettings = {
				COMBINE_HIDPI_IMAGES = YES;
				EXECUTABLE_PREFIX = lib;
				EXECUTABLE_SUFFIX = .a;
				GCC_GENERATE_DEBUGGING_SYMBOLS = NO;
				GCC_INLINES_ARE_PRIVATE_EXTERN = NO;
				GCC_OPTIMIZATION_LEVEL = 3;
				GCC_PREPROCESSOR_DEFINITIONS = "'CMAKE_INTDIR=\"$(CONFIGURATION)$(EFFECTIVE_PLATFORM_NAME)\"'";
				GCC_SYMBOLS_PRIVATE_EXTERN = NO;
				HEADER_SEARCH_PATHS = (
					/usr/local/include,
					/Users/kenvi/code/study/libuv/include,
					/Users/kenvi/code/study/io.java,
					/System/Library/Frameworks/JavaVM.framework/Versions/Current/Headers,
				);
				INSTALL_PATH = "";
				LIBRARY_SEARCH_PATHS = (
					/usr/local/lib,
					/Users/kenvi/code/study/libuv/build/Release,
				);
				LIBRARY_STYLE = STATIC;
				OTHER_CFLAGS = "    -DNDEBUG  ";
				OTHER_CPLUSPLUSFLAGS = "    -DNDEBUG  ";
				OTHER_LIBTOOLFLAGS = " ";
				OTHER_REZFLAGS = "";
				PRODUCT_NAME = libiojava;
				SECTORDER_FLAGS = "";
				SYMROOT = /Users/kenvi/code/study/io.java;
				USE_HEADERMAP = NO;
				WARNING_CFLAGS = (
					"-Wmost",
					"-Wno-four-char-constants",
					"-Wno-unknown-pragmas",
					"$(inherited)",
				);
			};
			name = Release;
		};
		10BE3721AA924FFDB185D9DD /* Debug */ = {
			isa = XCBuildConfiguration;
			buildSettings = {
				ARCHS = "$(ARCHS_STANDARD_32_64_BIT)";
				MACOSX_DEPLOYMENT_TARGET = 10.5;
				ONLY_ACTIVE_ARCH = YES;
				SDKROOT = /Applications/Xcode.app/Contents/Developer/Platforms/MacOSX.platform/Developer/SDKs/MacOSX10.11.sdk;
				SYMROOT = /Users/kenvi/code/study/io.java/build;
			};
			name = Debug;
		};
		1D47C0C3584C4571A624B02F /* Debug */ = {
			isa = XCBuildConfiguration;
			buildSettings = {
				COMBINE_HIDPI_IMAGES = YES;
				GCC_GENERATE_DEBUGGING_SYMBOLS = NO;
				GCC_INLINES_ARE_PRIVATE_EXTERN = NO;
				GCC_OPTIMIZATION_LEVEL = 0;
				GCC_PREPROCESSOR_DEFINITIONS = "'CMAKE_INTDIR=\"$(CONFIGURATION)$(EFFECTIVE_PLATFORM_NAME)\"'";
				GCC_SYMBOLS_PRIVATE_EXTERN = NO;
				HEADER_SEARCH_PATHS = (
					/usr/local/include,
					/Users/kenvi/code/study/io.java,
					/System/Library/Frameworks/JavaVM.framework/Versions/Current/Headers,
				);
				INSTALL_PATH = "";
				OTHER_CFLAGS = "  ";
				OTHER_LDFLAGS = " ";
				OTHER_REZFLAGS = "";
				PRODUCT_NAME = ALL_BUILD;
				SECTORDER_FLAGS = "";
				SYMROOT = /Users/kenvi/code/study/io.java;
				USE_HEADERMAP = NO;
				WARNING_CFLAGS = (
					"-Wmost",
					"-Wno-four-char-constants",
					"-Wno-unknown-pragmas",
					"$(inherited)",
				);
			};
			name = Debug;
		};
		2696FC24AC1D4703BF741BF8 /* MinSizeRel */ = {
			isa = XCBuildConfiguration;
			buildSettings = {
				COMBINE_HIDPI_IMAGES = YES;
				GCC_GENERATE_DEBUGGING_SYMBOLS = NO;
				GCC_INLINES_ARE_PRIVATE_EXTERN = NO;
				GCC_OPTIMIZATION_LEVEL = 0;
				GCC_PREPROCESSOR_DEFINITIONS = "'CMAKE_INTDIR=\"$(CONFIGURATION)$(EFFECTIVE_PLATFORM_NAME)\"'";
				GCC_SYMBOLS_PRIVATE_EXTERN = NO;
				HEADER_SEARCH_PATHS = (
					/usr/local/include,
					/Users/kenvi/code/study/io.java,
					/System/Library/Frameworks/JavaVM.framework/Versions/Current/Headers,
				);
				INSTALL_PATH = "";
				OTHER_CFLAGS = "  ";
				OTHER_LDFLAGS = " ";
				OTHER_REZFLAGS = "";
				PRODUCT_NAME = ZERO_CHECK;
				SECTORDER_FLAGS = "";
				SYMROOT = /Users/kenvi/code/study/io.java;
				USE_HEADERMAP = NO;
				WARNING_CFLAGS = (
					"-Wmost",
					"-Wno-four-char-constants",
					"-Wno-unknown-pragmas",
					"$(inherited)",
				);
			};
			name = MinSizeRel;
		};
		2EBA23B8ECF64B13BF3CFE33 /* RelWithDebInfo */ = {
			isa = XCBuildConfiguration;
			buildSettings = {
				COMBINE_HIDPI_IMAGES = YES;
				GCC_GENERATE_DEBUGGING_SYMBOLS = NO;
				GCC_INLINES_ARE_PRIVATE_EXTERN = NO;
				GCC_OPTIMIZATION_LEVEL = 0;
				GCC_PREPROCESSOR_DEFINITIONS = "'CMAKE_INTDIR=\"$(CONFIGURATION)$(EFFECTIVE_PLATFORM_NAME)\"'";
				GCC_SYMBOLS_PRIVATE_EXTERN = NO;
				HEADER_SEARCH_PATHS = (
					/usr/local/include,
					/Users/kenvi/code/study/io.java,
					/System/Library/Frameworks/JavaVM.framework/Versions/Current/Headers,
				);
				INSTALL_PATH = "";
				OTHER_CFLAGS = "  ";
				OTHER_LDFLAGS = " ";
				OTHER_REZFLAGS = "";
				PRODUCT_NAME = ZERO_CHECK;
				SECTORDER_FLAGS = "";
				SYMROOT = /Users/kenvi/code/study/io.java;
				USE_HEADERMAP = NO;
				WARNING_CFLAGS = (
					"-Wmost",
					"-Wno-four-char-constants",
					"-Wno-unknown-pragmas",
					"$(inherited)",
				);
			};
			name = RelWithDebInfo;
		};
		2F0562AF47CA437481AB104F /* Debug */ = {
			isa = XCBuildConfiguration;
			buildSettings = {
				COMBINE_HIDPI_IMAGES = YES;
				EXECUTABLE_PREFIX = "";
				EXECUTABLE_SUFFIX = "";
				GCC_GENERATE_DEBUGGING_SYMBOLS = YES;
				GCC_INLINES_ARE_PRIVATE_EXTERN = NO;
				GCC_OPTIMIZATION_LEVEL = 0;
				GCC_PREPROCESSOR_DEFINITIONS = "'CMAKE_INTDIR=\"$(CONFIGURATION)$(EFFECTIVE_PLATFORM_NAME)\"'";
				GCC_SYMBOLS_PRIVATE_EXTERN = NO;
				HEADER_SEARCH_PATHS = (
					/usr/local/include,
					/Users/kenvi/code/study/io.java,
					/System/Library/Frameworks/JavaVM.framework/Versions/Current/Headers,
					/Users/kenvi/code/study/libuv/include,
				);
				INSTALL_PATH = "";
				LIBRARY_SEARCH_PATHS = /usr/local/lib;
				OTHER_CFLAGS = "    ";
				OTHER_CPLUSPLUSFLAGS = "    ";
				OTHER_LDFLAGS = (
					"-Wl,-search_paths_first",
					"-Wl,-headerpad_max_install_names",
				);
				OTHER_REZFLAGS = "";
				PRODUCT_NAME = io.java;
				SECTORDER_FLAGS = "";
				SYMROOT = /Users/kenvi/code/study/io.java;
				USE_HEADERMAP = NO;
				WARNING_CFLAGS = (
					"-Wmost",
					"-Wno-four-char-constants",
					"-Wno-unknown-pragmas",
					"$(inherited)",
				);
			};
			name = Debug;
		};
		3A004AA3448F48E6BDC713F0 /* RelWithDebInfo */ = {
			isa = XCBuildConfiguration;
			buildSettings = {
				ARCHS = "$(ARCHS_STANDARD_32_64_BIT)";
				MACOSX_DEPLOYMENT_TARGET = 10.5;
				ONLY_ACTIVE_ARCH = YES;
				SDKROOT = /Applications/Xcode.app/Contents/Developer/Platforms/MacOSX.platform/Developer/SDKs/MacOSX10.11.sdk;
				SYMROOT = /Users/kenvi/code/study/io.java/build;
			};
			name = RelWithDebInfo;
		};
		4166CACB980F4C56A09EFC75 /* Release */ = {
			isa = XCBuildConfiguration;
			buildSettings = {
				ARCHS = "$(ARCHS_STANDARD_32_64_BIT)";
				MACOSX_DEPLOYMENT_TARGET = 10.5;
				ONLY_ACTIVE_ARCH = YES;
				SDKROOT = /Applications/Xcode.app/Contents/Developer/Platforms/MacOSX.platform/Developer/SDKs/MacOSX10.11.sdk;
				SYMROOT = /Users/kenvi/code/study/io.java/build;
			};
			name = Release;
		};
		536D35E1F3B84CABA411191C /* Release */ = {
			isa = XCBuildConfiguration;
			buildSettings = {
				COMBINE_HIDPI_IMAGES = YES;
				GCC_GENERATE_DEBUGGING_SYMBOLS = NO;
				GCC_INLINES_ARE_PRIVATE_EXTERN = NO;
				GCC_OPTIMIZATION_LEVEL = 0;
				GCC_PREPROCESSOR_DEFINITIONS = "'CMAKE_INTDIR=\"$(CONFIGURATION)$(EFFECTIVE_PLATFORM_NAME)\"'";
				GCC_SYMBOLS_PRIVATE_EXTERN = NO;
				HEADER_SEARCH_PATHS = (
					/usr/local/include,
					/Users/kenvi/code/study/io.java,
					/System/Library/Frameworks/JavaVM.framework/Versions/Current/Headers,
				);
				INSTALL_PATH = "";
				OTHER_CFLAGS = "  ";
				OTHER_LDFLAGS = " ";
				OTHER_REZFLAGS = "";
				PRODUCT_NAME = ZERO_CHECK;
				SECTORDER_FLAGS = "";
				SYMROOT = /Users/kenvi/code/study/io.java;
				USE_HEADERMAP = NO;
				WARNING_CFLAGS = (
					"-Wmost",
					"-Wno-four-char-constants",
					"-Wno-unknown-pragmas",
					"$(inherited)",
				);
			};
			name = Release;
		};
		54C4CEC67EC94617ADF73E55 /* MinSizeRel */ = {
			isa = XCBuildConfiguration;
			buildSettings = {
				COMBINE_HIDPI_IMAGES = YES;
				EXECUTABLE_PREFIX = "";
				EXECUTABLE_SUFFIX = "";
				GCC_GENERATE_DEBUGGING_SYMBOLS = NO;
				GCC_INLINES_ARE_PRIVATE_EXTERN = NO;
				GCC_OPTIMIZATION_LEVEL = s;
				GCC_PREPROCESSOR_DEFINITIONS = "'CMAKE_INTDIR=\"$(CONFIGURATION)$(EFFECTIVE_PLATFORM_NAME)\"'";
				GCC_SYMBOLS_PRIVATE_EXTERN = NO;
				HEADER_SEARCH_PATHS = (
					/usr/local/include,
					/Users/kenvi/code/study/io.java,
					/System/Library/Frameworks/JavaVM.framework/Versions/Current/Headers,
					/Users/kenvi/code/study/libuv/include,
				);
				INSTALL_PATH = "";
				LIBRARY_SEARCH_PATHS = /usr/local/lib;
				OTHER_CFLAGS = "    -DNDEBUG  ";
				OTHER_CPLUSPLUSFLAGS = "    -DNDEBUG  ";
				OTHER_LDFLAGS = (
					"-Wl,-search_paths_first",
					"-Wl,-headerpad_max_install_names",
				);
				OTHER_REZFLAGS = "";
				PRODUCT_NAME = io.java;
				SECTORDER_FLAGS = "";
				SYMROOT = /Users/kenvi/code/study/io.java;
				USE_HEADERMAP = NO;
				WARNING_CFLAGS = (
					"-Wmost",
					"-Wno-four-char-constants",
					"-Wno-unknown-pragmas",
					"$(inherited)",
				);
			};
			name = MinSizeRel;
		};
		67346F7F724A4E79A6E7D720 /* MinSizeRel */ = {
			isa = XCBuildConfiguration;
			buildSettings = {
				ARCHS = "$(ARCHS_STANDARD_32_64_BIT)";
				MACOSX_DEPLOYMENT_TARGET = 10.5;
				ONLY_ACTIVE_ARCH = YES;
				SDKROOT = /Applications/Xcode.app/Contents/Developer/Platforms/MacOSX.platform/Developer/SDKs/MacOSX10.11.sdk;
				SYMROOT = /Users/kenvi/code/study/io.java/build;
			};
			name = MinSizeRel;
		};
		930DA362C96C4F8D94FB4018 /* Release */ = {
			isa = XCBuildConfiguration;
			buildSettings = {
				COMBINE_HIDPI_IMAGES = YES;
				EXECUTABLE_PREFIX = "";
				EXECUTABLE_SUFFIX = "";
				GCC_GENERATE_DEBUGGING_SYMBOLS = NO;
				GCC_INLINES_ARE_PRIVATE_EXTERN = NO;
				GCC_OPTIMIZATION_LEVEL = 3;
				GCC_PREPROCESSOR_DEFINITIONS = "'CMAKE_INTDIR=\"$(CONFIGURATION)$(EFFECTIVE_PLATFORM_NAME)\"'";
				GCC_SYMBOLS_PRIVATE_EXTERN = NO;
				HEADER_SEARCH_PATHS = (
					/usr/local/include,
					/Users/kenvi/code/study/io.java,
					/System/Library/Frameworks/JavaVM.framework/Versions/Current/Headers,
					/Users/kenvi/code/study/libuv/include,
				);
				INSTALL_PATH = "";
				LIBRARY_SEARCH_PATHS = /usr/local/lib;
				OTHER_CFLAGS = "    -DNDEBUG  ";
				OTHER_CPLUSPLUSFLAGS = "    -DNDEBUG  ";
				OTHER_LDFLAGS = (
					"-Wl,-search_paths_first",
					"-Wl,-headerpad_max_install_names",
				);
				OTHER_REZFLAGS = "";
				PRODUCT_NAME = io.java;
				SECTORDER_FLAGS = "";
				SYMROOT = /Users/kenvi/code/study/io.java;
				USE_HEADERMAP = NO;
				WARNING_CFLAGS = (
					"-Wmost",
					"-Wno-four-char-constants",
					"-Wno-unknown-pragmas",
					"$(inherited)",
				);
			};
			name = Release;
		};
		AC798DF051FA4BCDA25B5989 /* Release */ = {
			isa = XCBuildConfiguration;
			buildSettings = {
				COMBINE_HIDPI_IMAGES = YES;
				GCC_GENERATE_DEBUGGING_SYMBOLS = NO;
				GCC_INLINES_ARE_PRIVATE_EXTERN = NO;
				GCC_OPTIMIZATION_LEVEL = 0;
				GCC_PREPROCESSOR_DEFINITIONS = "'CMAKE_INTDIR=\"$(CONFIGURATION)$(EFFECTIVE_PLATFORM_NAME)\"'";
				GCC_SYMBOLS_PRIVATE_EXTERN = NO;
				HEADER_SEARCH_PATHS = (
					/usr/local/include,
					/Users/kenvi/code/study/io.java,
					/System/Library/Frameworks/JavaVM.framework/Versions/Current/Headers,
				);
				INSTALL_PATH = "";
				OTHER_CFLAGS = "  ";
				OTHER_LDFLAGS = " ";
				OTHER_REZFLAGS = "";
				PRODUCT_NAME = ALL_BUILD;
				SECTORDER_FLAGS = "";
				SYMROOT = /Users/kenvi/code/study/io.java;
				USE_HEADERMAP = NO;
				WARNING_CFLAGS = (
					"-Wmost",
					"-Wno-four-char-constants",
					"-Wno-unknown-pragmas",
					"$(inherited)",
				);
			};
			name = Release;
		};
		AF5787D389B6462CA3304A09 /* RelWithDebInfo */ = {
			isa = XCBuildConfiguration;
			buildSettings = {
				COMBINE_HIDPI_IMAGES = YES;
				EXECUTABLE_PREFIX = "";
				EXECUTABLE_SUFFIX = "";
				GCC_GENERATE_DEBUGGING_SYMBOLS = YES;
				GCC_INLINES_ARE_PRIVATE_EXTERN = NO;
				GCC_OPTIMIZATION_LEVEL = 2;
				GCC_PREPROCESSOR_DEFINITIONS = "'CMAKE_INTDIR=\"$(CONFIGURATION)$(EFFECTIVE_PLATFORM_NAME)\"'";
				GCC_SYMBOLS_PRIVATE_EXTERN = NO;
				HEADER_SEARCH_PATHS = (
					/usr/local/include,
					/Users/kenvi/code/study/io.java,
					/System/Library/Frameworks/JavaVM.framework/Versions/Current/Headers,
					/Users/kenvi/code/study/libuv/include,
				);
				INSTALL_PATH = "";
				LIBRARY_SEARCH_PATHS = /usr/local/lib;
				OTHER_CFLAGS = "       -DNDEBUG  ";
				OTHER_CPLUSPLUSFLAGS = "       -DNDEBUG  ";
				OTHER_LDFLAGS = (
					"-Wl,-search_paths_first",
					"-Wl,-headerpad_max_install_names",
				);
				OTHER_REZFLAGS = "";
				PRODUCT_NAME = io.java;
				SECTORDER_FLAGS = "";
				SYMROOT = /Users/kenvi/code/study/io.java;
				USE_HEADERMAP = NO;
				WARNING_CFLAGS = (
					"-Wmost",
					"-Wno-four-char-constants",
					"-Wno-unknown-pragmas",
					"$(inherited)",
				);
			};
			name = RelWithDebInfo;
		};
		C8FC4670FE774A5AA29CFE9A /* MinSizeRel */ = {
			isa = XCBuildConfiguration;
			buildSettings = {
				COMBINE_HIDPI_IMAGES = YES;
				EXECUTABLE_PREFIX = lib;
				EXECUTABLE_SUFFIX = .a;
				GCC_GENERATE_DEBUGGING_SYMBOLS = NO;
				GCC_INLINES_ARE_PRIVATE_EXTERN = NO;
				GCC_OPTIMIZATION_LEVEL = s;
				GCC_PREPROCESSOR_DEFINITIONS = "'CMAKE_INTDIR=\"$(CONFIGURATION)$(EFFECTIVE_PLATFORM_NAME)\"'";
				GCC_SYMBOLS_PRIVATE_EXTERN = NO;
				HEADER_SEARCH_PATHS = (
					/usr/local/include,
					/Users/kenvi/code/study/libuv/include,
					/Users/kenvi/code/study/io.java,
					/System/Library/Frameworks/JavaVM.framework/Versions/Current/Headers,
				);
				INSTALL_PATH = "";
				LIBRARY_SEARCH_PATHS = (
					/usr/local/lib,
					/Users/kenvi/code/study/libuv/build/Release,
				);
				LIBRARY_STYLE = STATIC;
				OTHER_CFLAGS = "    -DNDEBUG  ";
				OTHER_CPLUSPLUSFLAGS = "    -DNDEBUG  ";
				OTHER_LIBTOOLFLAGS = " ";
				OTHER_REZFLAGS = "";
				PRODUCT_NAME = libiojava;
				SECTORDER_FLAGS = "";
				SYMROOT = /Users/kenvi/code/study/io.java;
				USE_HEADERMAP = NO;
				WARNING_CFLAGS = (
					"-Wmost",
					"-Wno-four-char-constants",
					"-Wno-unknown-pragmas",
					"$(inherited)",
				);
			};
			name = MinSizeRel;
		};
		D2886705D0C64B62B3FE1512 /* RelWithDebInfo */ = {
			isa = XCBuildConfiguration;
			buildSettings = {
				COMBINE_HIDPI_IMAGES = YES;
				GCC_GENERATE_DEBUGGING_SYMBOLS = NO;
				GCC_INLINES_ARE_PRIVATE_EXTERN = NO;
				GCC_OPTIMIZATION_LEVEL = 0;
				GCC_PREPROCESSOR_DEFINITIONS = "'CMAKE_INTDIR=\"$(CONFIGURATION)$(EFFECTIVE_PLATFORM_NAME)\"'";
				GCC_SYMBOLS_PRIVATE_EXTERN = NO;
				HEADER_SEARCH_PATHS = (
					/usr/local/include,
					/Users/kenvi/code/study/io.java,
					/System/Library/Frameworks/JavaVM.framework/Versions/Current/Headers,
				);
				INSTALL_PATH = "";
				OTHER_CFLAGS = "  ";
				OTHER_LDFLAGS = " ";
				OTHER_REZFLAGS = "";
				PRODUCT_NAME = ALL_BUILD;
				SECTORDER_FLAGS = "";
				SYMROOT = /Users/kenvi/code/study/io.java;
				USE_HEADERMAP = NO;
				WARNING_CFLAGS = (
					"-Wmost",
					"-Wno-four-char-constants",
					"-Wno-unknown-pragmas",
					"$(inherited)",
				);
			};
			name = RelWithDebInfo;
		};
		DEE10A1CA1634AE9B8D48D01 /* MinSizeRel */ = {
			isa = XCBuildConfiguration;
			buildSettings = {
				COMBINE_HIDPI_IMAGES = YES;
				GCC_GENERATE_DEBUGGING_SYMBOLS = NO;
				GCC_INLINES_ARE_PRIVATE_EXTERN = NO;
				GCC_OPTIMIZATION_LEVEL = 0;
				GCC_PREPROCESSOR_DEFINITIONS = "'CMAKE_INTDIR=\"$(CONFIGURATION)$(EFFECTIVE_PLATFORM_NAME)\"'";
				GCC_SYMBOLS_PRIVATE_EXTERN = NO;
				HEADER_SEARCH_PATHS = (
					/usr/local/include,
					/Users/kenvi/code/study/io.java,
					/System/Library/Frameworks/JavaVM.framework/Versions/Current/Headers,
				);
				INSTALL_PATH = "";
				OTHER_CFLAGS = "  ";
				OTHER_LDFLAGS = " ";
				OTHER_REZFLAGS = "";
				PRODUCT_NAME = ALL_BUILD;
				SECTORDER_FLAGS = "";
				SYMROOT = /Users/kenvi/code/study/io.java;
				USE_HEADERMAP = NO;
				WARNING_CFLAGS = (
					"-Wmost",
					"-Wno-four-char-constants",
					"-Wno-unknown-pragmas",
					"$(inherited)",
				);
			};
			name = MinSizeRel;
		};
		FEE29B901DEE4B44A4FC9EC6 /* Debug */ = {
			isa = XCBuildConfiguration;
			buildSettings = {
				COMBINE_HIDPI_IMAGES = YES;
				GCC_GENERATE_DEBUGGING_SYMBOLS = NO;
				GCC_INLINES_ARE_PRIVATE_EXTERN = NO;
				GCC_OPTIMIZATION_LEVEL = 0;
				GCC_PREPROCESSOR_DEFINITIONS = "'CMAKE_INTDIR=\"$(CONFIGURATION)$(EFFECTIVE_PLATFORM_NAME)\"'";
				GCC_SYMBOLS_PRIVATE_EXTERN = NO;
				HEADER_SEARCH_PATHS = (
					/usr/local/include,
					/Users/kenvi/code/study/io.java,
					/System/Library/Frameworks/JavaVM.framework/Versions/Current/Headers,
				);
				INSTALL_PATH = "";
				OTHER_CFLAGS = "  ";
				OTHER_LDFLAGS = " ";
				OTHER_REZFLAGS = "";
				PRODUCT_NAME = ZERO_CHECK;
				SECTORDER_FLAGS = "";
				SYMROOT = /Users/kenvi/code/study/io.java;
				USE_HEADERMAP = NO;
				WARNING_CFLAGS = (
					"-Wmost",
					"-Wno-four-char-constants",
					"-Wno-unknown-pragmas",
					"$(inherited)",
				);
			};
			name = Debug;
		};
/* End XCBuildConfiguration section */

/* Begin XCConfigurationList section */
		1E66CA48F63A48C6BBCF78FE /* Build configuration list for PBXNativeTarget "libiojava" */ = {
			isa = XCConfigurationList;
			buildConfigurations = (
				0C779F4EE5084ABD9C5689B8 /* Debug */,
				0E60CF10AAB94DDA8B2BA9F3 /* Release */,
				C8FC4670FE774A5AA29CFE9A /* MinSizeRel */,
				0D6DBB391828455790B23A06 /* RelWithDebInfo */,
			);
			defaultConfigurationIsVisible = 0;
			defaultConfigurationName = Debug;
		};
		53FF83B7952047E38E26A0C4 /* Build configuration list for PBXNativeTarget "io.java" */ = {
			isa = XCConfigurationList;
			buildConfigurations = (
				2F0562AF47CA437481AB104F /* Debug */,
				930DA362C96C4F8D94FB4018 /* Release */,
				54C4CEC67EC94617ADF73E55 /* MinSizeRel */,
				AF5787D389B6462CA3304A09 /* RelWithDebInfo */,
			);
			defaultConfigurationIsVisible = 0;
			defaultConfigurationName = Debug;
		};
		870F63F12CBC4BB1ADC7612E /* Build configuration list for PBXProject "io.java" */ = {
			isa = XCConfigurationList;
			buildConfigurations = (
				10BE3721AA924FFDB185D9DD /* Debug */,
				4166CACB980F4C56A09EFC75 /* Release */,
				67346F7F724A4E79A6E7D720 /* MinSizeRel */,
				3A004AA3448F48E6BDC713F0 /* RelWithDebInfo */,
			);
			defaultConfigurationIsVisible = 0;
			defaultConfigurationName = Debug;
		};
		D309941B1AF94DC1B6385831 /* Build configuration list for PBXAggregateTarget "ALL_BUILD" */ = {
			isa = XCConfigurationList;
			buildConfigurations = (
				1D47C0C3584C4571A624B02F /* Debug */,
				AC798DF051FA4BCDA25B5989 /* Release */,
				DEE10A1CA1634AE9B8D48D01 /* MinSizeRel */,
				D2886705D0C64B62B3FE1512 /* RelWithDebInfo */,
			);
			defaultConfigurationIsVisible = 0;
			defaultConfigurationName = Debug;
		};
		FF385D91ECCA439CA2527D8F /* Build configuration list for PBXAggregateTarget "ZERO_CHECK" */ = {
			isa = XCConfigurationList;
			buildConfigurations = (
				FEE29B901DEE4B44A4FC9EC6 /* Debug */,
				536D35E1F3B84CABA411191C /* Release */,
				2696FC24AC1D4703BF741BF8 /* MinSizeRel */,
				2EBA23B8ECF64B13BF3CFE33 /* RelWithDebInfo */,
			);
			defaultConfigurationIsVisible = 0;
			defaultConfigurationName = Debug;
		};
/* End XCConfigurationList section */
	};
	rootObject = 23247D2DE6FC4FFE9BB508F5 /* Project object */;
}
